
Microsoft Visual Studio Solution File, Format Version 12.00
# Visual Studio Version 16
VisualStudioVersion = 16.0.29519.87
MinimumVisualStudioVersion = 10.0.40219.1
Project("{FAE04EC0-301F-11D3-BF4B-00C04F79EFBC}") = "EpubHelper", "EpubHelper\EpubHelper.csproj", "{C7A0D37F-2C60-43ED-A44A-38321D5543AA}"
EndProject
Global
	GlobalSection(SolutionConfigurationPlatforms) = preSolution
		Debug|Any CPU = Debug|Any CPU
		Release|Any CPU = Release|Any CPU
	EndGlobalSection
	GlobalSection(ProjectConfigurationPlatforms) = postSolution
		{C7A0D37F-2C60-43ED-A44A-38321D5543AA}.Debug|Any CPU.ActiveCfg = Debug|Any CPU
		{C7A0D37F-2C60-43ED-A44A-38321D5543AA}.Debug|Any CPU.Build.0 = Debug|Any CPU
		{C7A0D37F-2C60-43ED-A44A-38321D5543AA}.Release|Any CPU.ActiveCfg = Release|Any CPU
		{C7A0D37F-2C60-43ED-A44A-38321D5543AA}.Release|Any CPU.Build.0 = Release|Any CPU
	EndGlobalSection
	GlobalSection(SolutionProperties) = preSolution
		HideSolutionNode = FALSE
	EndGlobalSection
	GlobalSection(ExtensibilityGlobals) = postSolution
		SolutionGuid = {6A3AB326-68DF-497B-AAC9-3FF6627E83A7}
	EndGlobalSection
EndGlobal
